
Microsoft Visual Studio Solution File, Format Version 12.00
# Visual Studio Version 17
VisualStudioVersion = 17.8.34309.116
MinimumVisualStudioVersion = 10.0.40219.1
Project("{9A19103F-16F7-4668-BE54-9A1E7A4F7556}") = "01-zaklady", "01-zaklady\01-zaklady.csproj", "{C1320502-4C1E-4AF0-A3DD-BFC41FCA08F8}"
EndProject
Project("{9A19103F-16F7-4668-BE54-9A1E7A4F7556}") = "02-datoveTypy", "02-datoveTypy\02-datoveTypy.csproj", "{DEBD8B17-B22C-47FF-8FAF-13C2029A7FAA}"
EndProject
Project("{9A19103F-16F7-4668-BE54-9A1E7A4F7556}") = "03-Operatory", "03-Operatory\03-Operatory.csproj", "{D17709EB-2984-4A21-B534-5D286D9B899D}"
EndProject
Project("{9A19103F-16F7-4668-BE54-9A1E7A4F7556}") = "04-podprogramy", "04-podprogramy\04-podprogramy.csproj", "{0BECCBD2-842A-4044-83A4-2494E8F01CE0}"
EndProject
Project("{9A19103F-16F7-4668-BE54-9A1E7A4F7556}") = "05-pole", "05-pole\05-pole.csproj", "{78D841E3-9603-4455-BBA2-7B2958E7BF8F}"
EndProject
Project("{9A19103F-16F7-4668-BE54-9A1E7A4F7556}") = "06-vyjimky", "06-vyjimky\06-vyjimky.csproj", "{2FAF1D95-F03F-40AC-A505-C34C0A53FD44}"
EndProject
Project("{9A19103F-16F7-4668-BE54-9A1E7A4F7556}") = "07-tridy", "07-tridy\07-tridy.csproj", "{8DD1797F-1490-44AE-B702-BDFAA0FBF6E8}"
EndProject
Project("{9A19103F-16F7-4668-BE54-9A1E7A4F7556}") = "08-OOP", "08-OOP\08-OOP.csproj", "{358A8C56-54EC-4FB8-8F2C-434BCFCF3F3C}"
EndProject
Project("{9A19103F-16F7-4668-BE54-9A1E7A4F7556}") = "09-Dedicnost", "09-Dedicnost\09-Dedicnost.csproj", "{5AACDC08-5F2D-45BB-B8DB-1485D06E8164}"
EndProject
Project("{9A19103F-16F7-4668-BE54-9A1E7A4F7556}") = "10-Polymorfismus", "10-Polymorfismus\10-Polymorfismus.csproj", "{33AD4BA4-E8A2-4821-99FE-E16F6FE7BD71}"
EndProject
Project("{9A19103F-16F7-4668-BE54-9A1E7A4F7556}") = "11-interface", "11-interface\11-interface.csproj", "{C06A2BC7-A54D-43E2-A276-73C7E5DC572E}"
EndProject
Project("{9A19103F-16F7-4668-BE54-9A1E7A4F7556}") = "12-Abstrakce", "12-Abstrakce\12-Abstrakce.csproj", "{E0948D64-0FA7-430F-BD7A-5CD14D445C56}"
EndProject
Project("{9A19103F-16F7-4668-BE54-9A1E7A4F7556}") = "13-VanocniProgramovani", "13-vanocniProgramovani\13-VanocniProgramovani.csproj", "{0BA2C6BF-78A0-43BF-828C-F078B81FB681}"
EndProject
Project("{9A19103F-16F7-4668-BE54-9A1E7A4F7556}") = "14-Farma", "14-Farma\14-Farma.csproj", "{D4ACCAC8-2415-4A39-B20C-0D5AE30E8D08}"
EndProject
Project("{9A19103F-16F7-4668-BE54-9A1E7A4F7556}") = "15-PretizeniOperatoru", "15-PretizeniOperatoru\15-PretizeniOperatoru.csproj", "{E90FB482-05B3-490F-B91A-E7EFE746B677}"
EndProject
Project("{9A19103F-16F7-4668-BE54-9A1E7A4F7556}") = "16-Generika", "16-Generika\16-Generika.csproj", "{4C3DC7CF-964D-434D-8BF2-BA6A37B2DAFD}"
EndProject
Project("{9A19103F-16F7-4668-BE54-9A1E7A4F7556}") = "17-Kolekce", "17-Kolekce\17-Kolekce.csproj", "{422B449F-CB9C-4229-9BD1-7EC1357C604C}"
EndProject
Project("{9A19103F-16F7-4668-BE54-9A1E7A4F7556}") = "18-DelegatyARozsirujiciMetody", "18-Delegat\18-DelegatyARozsirujiciMetody.csproj", "{1F69DE85-ABB6-4384-8906-6D5A6BD951CF}"
EndProject
Project("{9A19103F-16F7-4668-BE54-9A1E7A4F7556}") = "19-LINQ", "19-LINQ\19-LINQ.csproj", "{90C28FBD-C30D-42D1-A406-90D9EDBFB1EB}"
EndProject
Project("{9A19103F-16F7-4668-BE54-9A1E7A4F7556}") = "20-LINQ2", "20-LINQ2\20-LINQ2.csproj", "{B038B488-4C4B-4439-9064-48569DDD7C60}"
EndProject
Project("{9A19103F-16F7-4668-BE54-9A1E7A4F7556}") = "21-Cas", "21-Cas\21-Cas.csproj", "{418CBE80-29D5-443C-A951-99970E904406}"
EndProject
Project("{FAE04EC0-301F-11D3-BF4B-00C04F79EFBC}") = "22-Testy", "22-Testy\22-Testy.csproj", "{8E02AC02-9A03-4966-ADFD-733A76CD0E29}"
EndProject
Project("{FAE04EC0-301F-11D3-BF4B-00C04F79EFBC}") = "22-TestProject", "22-TestProject\22-TestProject.csproj", "{1F08D8E7-EF87-411F-94B7-7F52BAB546AB}"
EndProject
Global
	GlobalSection(SolutionConfigurationPlatforms) = preSolution
		Debug|Any CPU = Debug|Any CPU
		Release|Any CPU = Release|Any CPU
	EndGlobalSection
	GlobalSection(ProjectConfigurationPlatforms) = postSolution
		{C1320502-4C1E-4AF0-A3DD-BFC41FCA08F8}.Debug|Any CPU.ActiveCfg = Debug|Any CPU
		{C1320502-4C1E-4AF0-A3DD-BFC41FCA08F8}.Debug|Any CPU.Build.0 = Debug|Any CPU
		{C1320502-4C1E-4AF0-A3DD-BFC41FCA08F8}.Release|Any CPU.ActiveCfg = Release|Any CPU
		{C1320502-4C1E-4AF0-A3DD-BFC41FCA08F8}.Release|Any CPU.Build.0 = Release|Any CPU
		{DEBD8B17-B22C-47FF-8FAF-13C2029A7FAA}.Debug|Any CPU.ActiveCfg = Debug|Any CPU
		{DEBD8B17-B22C-47FF-8FAF-13C2029A7FAA}.Debug|Any CPU.Build.0 = Debug|Any CPU
		{DEBD8B17-B22C-47FF-8FAF-13C2029A7FAA}.Release|Any CPU.ActiveCfg = Release|Any CPU
		{DEBD8B17-B22C-47FF-8FAF-13C2029A7FAA}.Release|Any CPU.Build.0 = Release|Any CPU
		{D17709EB-2984-4A21-B534-5D286D9B899D}.Debug|Any CPU.ActiveCfg = Debug|Any CPU
		{D17709EB-2984-4A21-B534-5D286D9B899D}.Debug|Any CPU.Build.0 = Debug|Any CPU
		{D17709EB-2984-4A21-B534-5D286D9B899D}.Release|Any CPU.ActiveCfg = Release|Any CPU
		{D17709EB-2984-4A21-B534-5D286D9B899D}.Release|Any CPU.Build.0 = Release|Any CPU
		{0BECCBD2-842A-4044-83A4-2494E8F01CE0}.Debug|Any CPU.ActiveCfg = Debug|Any CPU
		{0BECCBD2-842A-4044-83A4-2494E8F01CE0}.Debug|Any CPU.Build.0 = Debug|Any CPU
		{0BECCBD2-842A-4044-83A4-2494E8F01CE0}.Release|Any CPU.ActiveCfg = Release|Any CPU
		{0BECCBD2-842A-4044-83A4-2494E8F01CE0}.Release|Any CPU.Build.0 = Release|Any CPU
		{78D841E3-9603-4455-BBA2-7B2958E7BF8F}.Debug|Any CPU.ActiveCfg = Debug|Any CPU
		{78D841E3-9603-4455-BBA2-7B2958E7BF8F}.Debug|Any CPU.Build.0 = Debug|Any CPU
		{78D841E3-9603-4455-BBA2-7B2958E7BF8F}.Release|Any CPU.ActiveCfg = Release|Any CPU
		{78D841E3-9603-4455-BBA2-7B2958E7BF8F}.Release|Any CPU.Build.0 = Release|Any CPU
		{2FAF1D95-F03F-40AC-A505-C34C0A53FD44}.Debug|Any CPU.ActiveCfg = Debug|Any CPU
		{2FAF1D95-F03F-40AC-A505-C34C0A53FD44}.Debug|Any CPU.Build.0 = Debug|Any CPU
		{2FAF1D95-F03F-40AC-A505-C34C0A53FD44}.Release|Any CPU.ActiveCfg = Release|Any CPU
		{2FAF1D95-F03F-40AC-A505-C34C0A53FD44}.Release|Any CPU.Build.0 = Release|Any CPU
		{8DD1797F-1490-44AE-B702-BDFAA0FBF6E8}.Debug|Any CPU.ActiveCfg = Debug|Any CPU
		{8DD1797F-1490-44AE-B702-BDFAA0FBF6E8}.Debug|Any CPU.Build.0 = Debug|Any CPU
		{8DD1797F-1490-44AE-B702-BDFAA0FBF6E8}.Release|Any CPU.ActiveCfg = Release|Any CPU
		{8DD1797F-1490-44AE-B702-BDFAA0FBF6E8}.Release|Any CPU.Build.0 = Release|Any CPU
		{358A8C56-54EC-4FB8-8F2C-434BCFCF3F3C}.Debug|Any CPU.ActiveCfg = Debug|Any CPU
		{358A8C56-54EC-4FB8-8F2C-434BCFCF3F3C}.Debug|Any CPU.Build.0 = Debug|Any CPU
		{358A8C56-54EC-4FB8-8F2C-434BCFCF3F3C}.Release|Any CPU.ActiveCfg = Release|Any CPU
		{358A8C56-54EC-4FB8-8F2C-434BCFCF3F3C}.Release|Any CPU.Build.0 = Release|Any CPU
		{5AACDC08-5F2D-45BB-B8DB-1485D06E8164}.Debug|Any CPU.ActiveCfg = Debug|Any CPU
		{5AACDC08-5F2D-45BB-B8DB-1485D06E8164}.Debug|Any CPU.Build.0 = Debug|Any CPU
		{5AACDC08-5F2D-45BB-B8DB-1485D06E8164}.Release|Any CPU.ActiveCfg = Release|Any CPU
		{5AACDC08-5F2D-45BB-B8DB-1485D06E8164}.Release|Any CPU.Build.0 = Release|Any CPU
		{33AD4BA4-E8A2-4821-99FE-E16F6FE7BD71}.Debug|Any CPU.ActiveCfg = Debug|Any CPU
		{33AD4BA4-E8A2-4821-99FE-E16F6FE7BD71}.Debug|Any CPU.Build.0 = Debug|Any CPU
		{33AD4BA4-E8A2-4821-99FE-E16F6FE7BD71}.Release|Any CPU.ActiveCfg = Release|Any CPU
		{33AD4BA4-E8A2-4821-99FE-E16F6FE7BD71}.Release|Any CPU.Build.0 = Release|Any CPU
		{C06A2BC7-A54D-43E2-A276-73C7E5DC572E}.Debug|Any CPU.ActiveCfg = Debug|Any CPU
		{C06A2BC7-A54D-43E2-A276-73C7E5DC572E}.Debug|Any CPU.Build.0 = Debug|Any CPU
		{C06A2BC7-A54D-43E2-A276-73C7E5DC572E}.Release|Any CPU.ActiveCfg = Release|Any CPU
		{C06A2BC7-A54D-43E2-A276-73C7E5DC572E}.Release|Any CPU.Build.0 = Release|Any CPU
		{E0948D64-0FA7-430F-BD7A-5CD14D445C56}.Debug|Any CPU.ActiveCfg = Debug|Any CPU
		{E0948D64-0FA7-430F-BD7A-5CD14D445C56}.Debug|Any CPU.Build.0 = Debug|Any CPU
		{E0948D64-0FA7-430F-BD7A-5CD14D445C56}.Release|Any CPU.ActiveCfg = Release|Any CPU
		{E0948D64-0FA7-430F-BD7A-5CD14D445C56}.Release|Any CPU.Build.0 = Release|Any CPU
		{0BA2C6BF-78A0-43BF-828C-F078B81FB681}.Debug|Any CPU.ActiveCfg = Debug|Any CPU
		{0BA2C6BF-78A0-43BF-828C-F078B81FB681}.Debug|Any CPU.Build.0 = Debug|Any CPU
		{0BA2C6BF-78A0-43BF-828C-F078B81FB681}.Release|Any CPU.ActiveCfg = Release|Any CPU
		{0BA2C6BF-78A0-43BF-828C-F078B81FB681}.Release|Any CPU.Build.0 = Release|Any CPU
		{D4ACCAC8-2415-4A39-B20C-0D5AE30E8D08}.Debug|Any CPU.ActiveCfg = Debug|Any CPU
		{D4ACCAC8-2415-4A39-B20C-0D5AE30E8D08}.Debug|Any CPU.Build.0 = Debug|Any CPU
		{D4ACCAC8-2415-4A39-B20C-0D5AE30E8D08}.Release|Any CPU.ActiveCfg = Release|Any CPU
		{D4ACCAC8-2415-4A39-B20C-0D5AE30E8D08}.Release|Any CPU.Build.0 = Release|Any CPU
		{E90FB482-05B3-490F-B91A-E7EFE746B677}.Debug|Any CPU.ActiveCfg = Debug|Any CPU
		{E90FB482-05B3-490F-B91A-E7EFE746B677}.Debug|Any CPU.Build.0 = Debug|Any CPU
		{E90FB482-05B3-490F-B91A-E7EFE746B677}.Release|Any CPU.ActiveCfg = Release|Any CPU
		{E90FB482-05B3-490F-B91A-E7EFE746B677}.Release|Any CPU.Build.0 = Release|Any CPU
		{4C3DC7CF-964D-434D-8BF2-BA6A37B2DAFD}.Debug|Any CPU.ActiveCfg = Debug|Any CPU
		{4C3DC7CF-964D-434D-8BF2-BA6A37B2DAFD}.Debug|Any CPU.Build.0 = Debug|Any CPU
		{4C3DC7CF-964D-434D-8BF2-BA6A37B2DAFD}.Release|Any CPU.ActiveCfg = Release|Any CPU
		{4C3DC7CF-964D-434D-8BF2-BA6A37B2DAFD}.Release|Any CPU.Build.0 = Release|Any CPU
		{422B449F-CB9C-4229-9BD1-7EC1357C604C}.Debug|Any CPU.ActiveCfg = Debug|Any CPU
		{422B449F-CB9C-4229-9BD1-7EC1357C604C}.Debug|Any CPU.Build.0 = Debug|Any CPU
		{422B449F-CB9C-4229-9BD1-7EC1357C604C}.Release|Any CPU.ActiveCfg = Release|Any CPU
		{422B449F-CB9C-4229-9BD1-7EC1357C604C}.Release|Any CPU.Build.0 = Release|Any CPU
		{1F69DE85-ABB6-4384-8906-6D5A6BD951CF}.Debug|Any CPU.ActiveCfg = Debug|Any CPU
		{1F69DE85-ABB6-4384-8906-6D5A6BD951CF}.Debug|Any CPU.Build.0 = Debug|Any CPU
		{1F69DE85-ABB6-4384-8906-6D5A6BD951CF}.Release|Any CPU.ActiveCfg = Release|Any CPU
		{1F69DE85-ABB6-4384-8906-6D5A6BD951CF}.Release|Any CPU.Build.0 = Release|Any CPU
		{90C28FBD-C30D-42D1-A406-90D9EDBFB1EB}.Debug|Any CPU.ActiveCfg = Debug|Any CPU
		{90C28FBD-C30D-42D1-A406-90D9EDBFB1EB}.Debug|Any CPU.Build.0 = Debug|Any CPU
		{90C28FBD-C30D-42D1-A406-90D9EDBFB1EB}.Release|Any CPU.ActiveCfg = Release|Any CPU
		{90C28FBD-C30D-42D1-A406-90D9EDBFB1EB}.Release|Any CPU.Build.0 = Release|Any CPU
		{B038B488-4C4B-4439-9064-48569DDD7C60}.Debug|Any CPU.ActiveCfg = Debug|Any CPU
		{B038B488-4C4B-4439-9064-48569DDD7C60}.Debug|Any CPU.Build.0 = Debug|Any CPU
		{B038B488-4C4B-4439-9064-48569DDD7C60}.Release|Any CPU.ActiveCfg = Release|Any CPU
		{B038B488-4C4B-4439-9064-48569DDD7C60}.Release|Any CPU.Build.0 = Release|Any CPU
		{418CBE80-29D5-443C-A951-99970E904406}.Debug|Any CPU.ActiveCfg = Debug|Any CPU
		{418CBE80-29D5-443C-A951-99970E904406}.Debug|Any CPU.Build.0 = Debug|Any CPU
		{418CBE80-29D5-443C-A951-99970E904406}.Release|Any CPU.ActiveCfg = Release|Any CPU
		{418CBE80-29D5-443C-A951-99970E904406}.Release|Any CPU.Build.0 = Release|Any CPU
		{8E02AC02-9A03-4966-ADFD-733A76CD0E29}.Debug|Any CPU.ActiveCfg = Debug|Any CPU
		{8E02AC02-9A03-4966-ADFD-733A76CD0E29}.Debug|Any CPU.Build.0 = Debug|Any CPU
		{8E02AC02-9A03-4966-ADFD-733A76CD0E29}.Release|Any CPU.ActiveCfg = Release|Any CPU
		{8E02AC02-9A03-4966-ADFD-733A76CD0E29}.Release|Any CPU.Build.0 = Release|Any CPU
		{1F08D8E7-EF87-411F-94B7-7F52BAB546AB}.Debug|Any CPU.ActiveCfg = Debug|Any CPU
		{1F08D8E7-EF87-411F-94B7-7F52BAB546AB}.Debug|Any CPU.Build.0 = Debug|Any CPU
		{1F08D8E7-EF87-411F-94B7-7F52BAB546AB}.Release|Any CPU.ActiveCfg = Release|Any CPU
		{1F08D8E7-EF87-411F-94B7-7F52BAB546AB}.Release|Any CPU.Build.0 = Release|Any CPU
	EndGlobalSection
	GlobalSection(SolutionProperties) = preSolution
		HideSolutionNode = FALSE
	EndGlobalSection
	GlobalSection(ExtensibilityGlobals) = postSolution
		SolutionGuid = {227C74A3-5661-483E-9F76-7874D70C8D1C}
	EndGlobalSection
EndGlobal
